// !$*UTF8*$!
{
	archiveVersion = 1;
	classes = {
	};
	objectVersion = 77;
	objects = {

/* Begin PBXContainerItemProxy section */
		9358B8D82DE07AFC005E990A /* PBXContainerItemProxy */ = {
			isa = PBXContainerItemProxy;
			containerPortal = 9358B8B92DE07AF7005E990A /* Project object */;
			proxyType = 1;
			remoteGlobalIDString = 9358B8C02DE07AF7005E990A;
			remoteInfo = myshop;
		};
		9358B8E22DE07AFC005E990A /* PBXContainerItemProxy */ = {
			isa = PBXContainerItemProxy;
			containerPortal = 9358B8B92DE07AF7005E990A /* Project object */;
			proxyType = 1;
			remoteGlobalIDString = 9358B8C02DE07AF7005E990A;
			remoteInfo = myshop;
		};
/* End PBXContainerItemProxy section */

/* Begin PBXFileReference section */
		9358B8C12DE07AF7005E990A /* myshop.app */ = {isa = PBXFileReference; explicitFileType = wrapper.application; includeInIndex = 0; path = myshop.app; sourceTree = BUILT_PRODUCTS_DIR; };
		9358B8D72DE07AFC005E990A /* myshopTests.xctest */ = {isa = PBXFileReference; explicitFileType = wrapper.cfbundle; includeInIndex = 0; path = myshopTests.xctest; sourceTree = BUILT_PRODUCTS_DIR; };
		9358B8E12DE07AFC005E990A /* myshopUITests.xctest */ = {isa = PBXFileReference; explicitFileType = wrapper.cfbundle; includeInIndex = 0; path = myshopUITests.xctest; sourceTree = BUILT_PRODUCTS_DIR; };
/* End PBXFileReference section */

/* Begin PBXFileSystemSynchronizedBuildFileExceptionSet section */
		9358B8E92DE07AFC005E990A /* Exceptions for "myshop" folder in "myshop" target */ = {
			isa = PBXFileSystemSynchronizedBuildFileExceptionSet;
			membershipExceptions = (
				Info.plist,
			);
			target = 9358B8C02DE07AF7005E990A /* myshop */;
		};
/* End PBXFileSystemSynchronizedBuildFileExceptionSet section */

/* Begin PBXFileSystemSynchronizedRootGroup section */
		9358B8C32DE07AF7005E990A /* myshop */ = {
			isa = PBXFileSystemSynchronizedRootGroup;
			exceptions = (
				9358B8E92DE07AFC005E990A /* Exceptions for "myshop" folder in "myshop" target */,
			);
			path = myshop;
			sourceTree = "<group>";
		};
		9358B8DA2DE07AFC005E990A /* myshopTests */ = {
			isa = PBXFileSystemSynchronizedRootGroup;
			path = myshopTests;
			sourceTree = "<group>";
		};
		9358B8E42DE07AFC005E990A /* myshopUITests */ = {
			isa = PBXFileSystemSynchronizedRootGroup;
			path = myshopUITests;
			sourceTree = "<group>";
		};
/* End PBXFileSystemSynchronizedRootGroup section */

/* Begin PBXFrameworksBuildPhase section */
		9358B8BE2DE07AF7005E990A /* Frameworks */ = {
			isa = PBXFrameworksBuildPhase;
			buildActionMask = 2147483647;
			files = (
			);
			runOnlyForDeploymentPostprocessing = 0;
		};
		9358B8D42DE07AFC005E990A /* Frameworks */ = {
			isa = PBXFrameworksBuildPhase;
			buildActionMask = 2147483647;
			files = (
			);
			runOnlyForDeploymentPostprocessing = 0;
		};
		9358B8DE2DE07AFC005E990A /* Frameworks */ = {
			isa = PBXFrameworksBuildPhase;
			buildActionMask = 2147483647;
			files = (
			);
			runOnlyForDeploymentPostprocessing = 0;
		};
/* End PBXFrameworksBuildPhase section */

/* Begin PBXGroup section */
		9358B8B82DE07AF6005E990A = {
			isa = PBXGroup;
			children = (
				9358B8C32DE07AF7005E990A /* myshop */,
				9358B8DA2DE07AFC005E990A /* myshopTests */,
				9358B8E42DE07AFC005E990A /* myshopUITests */,
				9358B8C22DE07AF7005E990A /* Products */,
			);
			sourceTree = "<group>";
		};
		9358B8C22DE07AF7005E990A /* Products */ = {
			isa = PBXGroup;
			children = (
				9358B8C12DE07AF7005E990A /* myshop.app */,
				9358B8D72DE07AFC005E990A /* myshopTests.xctest */,
				9358B8E12DE07AFC005E990A /* myshopUITests.xctest */,
			);
			name = Products;
			sourceTree = "<group>";
		};
/* End PBXGroup section */

/* Begin PBXNativeTarget section */
		9358B8C02DE07AF7005E990A /* myshop */ = {
			isa = PBXNativeTarget;
			buildConfigurationList = 9358B8EA2DE07AFC005E990A /* Build configuration list for PBXNativeTarget "myshop" */;
			buildPhases = (
				9358B8BD2DE07AF7005E990A /* Sources */,
				9358B8BE2DE07AF7005E990A /* Frameworks */,
				9358B8BF2DE07AF7005E990A /* Resources */,
			);
			buildRules = (
			);
			dependencies = (
			);
			fileSystemSynchronizedGroups = (
				9358B8C32DE07AF7005E990A /* myshop */,
			);
			name = myshop;
			packageProductDependencies = (
			);
			productName = myshop;
			productReference = 9358B8C12DE07AF7005E990A /* myshop.app */;
			productType = "com.apple.product-type.application";
		};
		9358B8D62DE07AFC005E990A /* myshopTests */ = {
			isa = PBXNativeTarget;
			buildConfigurationList = 9358B8EF2DE07AFC005E990A /* Build configuration list for PBXNativeTarget "myshopTests" */;
			buildPhases = (
				9358B8D32DE07AFC005E990A /* Sources */,
				9358B8D42DE07AFC005E990A /* Frameworks */,
				9358B8D52DE07AFC005E990A /* Resources */,
			);
			buildRules = (
			);
			dependencies = (
				9358B8D92DE07AFC005E990A /* PBXTargetDependency */,
			);
			fileSystemSynchronizedGroups = (
				9358B8DA2DE07AFC005E990A /* myshopTests */,
			);
			name = myshopTests;
			packageProductDependencies = (
			);
			productName = myshopTests;
			productReference = 9358B8D72DE07AFC005E990A /* myshopTests.xctest */;
			productType = "com.apple.product-type.bundle.unit-test";
		};
		9358B8E02DE07AFC005E990A /* myshopUITests */ = {
			isa = PBXNativeTarget;
			buildConfigurationList = 9358B8F22DE07AFC005E990A /* Build configuration list for PBXNativeTarget "myshopUITests" */;
			buildPhases = (
				9358B8DD2DE07AFC005E990A /* Sources */,
				9358B8DE2DE07AFC005E990A /* Frameworks */,
				9358B8DF2DE07AFC005E990A /* Resources */,
			);
			buildRules = (
			);
			dependencies = (
				9358B8E32DE07AFC005E990A /* PBXTargetDependency */,
			);
			fileSystemSynchronizedGroups = (
				9358B8E42DE07AFC005E990A /* myshopUITests */,
			);
			name = myshopUITests;
			packageProductDependencies = (
			);
			productName = myshopUITests;
			productReference = 9358B8E12DE07AFC005E990A /* myshopUITests.xctest */;
			productType = "com.apple.product-type.bundle.ui-testing";
		};
/* End PBXNativeTarget section */

/* Begin PBXProject section */
		9358B8B92DE07AF7005E990A /* Project object */ = {
			isa = PBXProject;
			attributes = {
				BuildIndependentTargetsInParallel = 1;
				LastSwiftUpdateCheck = 1620;
				LastUpgradeCheck = 1620;
				TargetAttributes = {
					9358B8C02DE07AF7005E990A = {
						CreatedOnToolsVersion = 16.2;
					};
					9358B8D62DE07AFC005E990A = {
						CreatedOnToolsVersion = 16.2;
						TestTargetID = 9358B8C02DE07AF7005E990A;
					};
					9358B8E02DE07AFC005E990A = {
						CreatedOnToolsVersion = 16.2;
						TestTargetID = 9358B8C02DE07AF7005E990A;
					};
				};
			};
			buildConfigurationList = 9358B8BC2DE07AF7005E990A /* Build configuration list for PBXProject "myshop" */;
			developmentRegion = en;
			hasScannedForEncodings = 0;
			knownRegions = (
				en,
				Base,
			);
			mainGroup = 9358B8B82DE07AF6005E990A;
			minimizedProjectReferenceProxies = 1;
			preferredProjectObjectVersion = 77;
			productRefGroup = 9358B8C22DE07AF7005E990A /* Products */;
			projectDirPath = "";
			projectRoot = "";
			targets = (
				9358B8C02DE07AF7005E990A /* myshop */,
				9358B8D62DE07AFC005E990A /* myshopTests */,
				9358B8E02DE07AFC005E990A /* myshopUITests */,
			);
		};
/* End PBXProject section */

/* Begin PBXResourcesBuildPhase section */
		9358B8BF2DE07AF7005E990A /* Resources */ = {
			isa = PBXResourcesBuildPhase;
			buildActionMask = 2147483647;
			files = (
			);
			runOnlyForDeploymentPostprocessing = 0;
		};
		9358B8D52DE07AFC005E990A /* Resources */ = {
			isa = PBXResourcesBuildPhase;
			buildActionMask = 2147483647;
			files = (
			);
			runOnlyForDeploymentPostprocessing = 0;
		};
		9358B8DF2DE07AFC005E990A /* Resources */ = {
			isa = PBXResourcesBuildPhase;
			buildActionMask = 2147483647;
			files = (
			);
			runOnlyForDeploymentPostprocessing = 0;
		};
/* End PBXResourcesBuildPhase section */

/* Begin PBXSourcesBuildPhase section */
		9358B8BD2DE07AF7005E990A /* Sources */ = {
			isa = PBXSourcesBuildPhase;
			buildActionMask = 2147483647;
			files = (
			);
			runOnlyForDeploymentPostprocessing = 0;
		};
		9358B8D32DE07AFC005E990A /* Sources */ = {
			isa = PBXSourcesBuildPhase;
			buildActionMask = 2147483647;
			files = (
			);
			runOnlyForDeploymentPostprocessing = 0;
		};
		9358B8DD2DE07AFC005E990A /* Sources */ = {
			isa = PBXSourcesBuildPhase;
			buildActionMask = 2147483647;
			files = (
			);
			runOnlyForDeploymentPostprocessing = 0;
		};
/* End PBXSourcesBuildPhase section */

/* Begin PBXTargetDependency section */
		9358B8D92DE07AFC005E990A /* PBXTargetDependency */ = {
			isa = PBXTargetDependency;
			target = 9358B8C02DE07AF7005E990A /* myshop */;
			targetProxy = 9358B8D82DE07AFC005E990A /* PBXContainerItemProxy */;
		};
		9358B8E32DE07AFC005E990A /* PBXTargetDependency */ = {
			isa = PBXTargetDependency;
			target = 9358B8C02DE07AF7005E990A /* myshop */;
			targetProxy = 9358B8E22DE07AFC005E990A /* PBXContainerItemProxy */;
		};
/* End PBXTargetDependency section */

/* Begin XCBuildConfiguration section */
		9358B8EB2DE07AFC005E990A /* Debug */ = {
			isa = XCBuildConfiguration;
			buildSettings = {
				ASSETCATALOG_COMPILER_APPICON_NAME = AppIcon;
				ASSETCATALOG_COMPILER_GLOBAL_ACCENT_COLOR_NAME = AccentColor;
				CODE_SIGN_STYLE = Automatic;
				CURRENT_PROJECT_VERSION = 1;
				GENERATE_INFOPLIST_FILE = YES;
				INFOPLIST_FILE = myshop/Info.plist;
				INFOPLIST_KEY_UIApplicationSupportsIndirectInputEvents = YES;
				INFOPLIST_KEY_UILaunchStoryboardName = LaunchScreen;
				INFOPLIST_KEY_UISupportedInterfaceOrientations_iPad = "UIInterfaceOrientationPortrait UIInterfaceOrientationPortraitUpsideDown UIInterfaceOrientationLandscapeLeft UIInterfaceOrientationLandscapeRight";
				INFOPLIST_KEY_UISupportedInterfaceOrientations_iPhone = "UIInterfaceOrientationPortrait UIInterfaceOrientationLandscapeLeft UIInterfaceOrientationLandscapeRight";
				LD_RUNPATH_SEARCH_PATHS = (
					"$(inherited)",
					"@executable_path/Frameworks",
				);
				MARKETING_VERSION = 1.0;
				PRODUCT_BUNDLE_IDENTIFIER = com.nomadic.myshop;
				PRODUCT_NAME = "$(TARGET_NAME)";
				SWIFT_EMIT_LOC_STRINGS = YES;
				SWIFT_VERSION = 5.0;
				TARGETED_DEVICE_FAMILY = "1,2";
			};
			name = Debug;
		};
		9358B8EC2DE07AFC005E990A /* Release */ = {
			isa = XCBuildConfiguration;
			buildSettings = {
				ASSETCATALOG_COMPILER_APPICON_NAME = AppIcon;
				ASSETCATALOG_COMPILER_GLOBAL_ACCENT_COLOR_NAME = AccentColor;
				CODE_SIGN_STYLE = Automatic;
				CURRENT_PROJECT_VERSION = 1;
				GENERATE_INFOPLIST_FILE = YES;
				INFOPLIST_FILE = myshop/Info.plist;
				INFOPLIST_KEY_UIApplicationSupportsIndirectInputEvents = YES;
				INFOPLIST_KEY_UILaunchStoryboardName = LaunchScreen;
				INFOPLIST_KEY_UISupportedInterfaceOrientations_iPad = "UIInterfaceOrientationPortrait UIInterfaceOrientationPortraitUpsideDown UIInterfaceOrientationLandscapeLeft UIInterfaceOrientationLandscapeRight";
				INFOPLIST_KEY_UISupportedInterfaceOrientations_iPhone = "UIInterfaceOrientationPortrait UIInterfaceOrientationLandscapeLeft UIInterfaceOrientationLandscapeRight";
				LD_RUNPATH_SEARCH_PATHS = (
					"$(inherited)",
					"@executable_path/Frameworks",
				);
				MARKETING_VERSION = 1.0;
				PRODUCT_BUNDLE_IDENTIFIER = com.nomadic.myshop;
				PRODUCT_NAME = "$(TARGET_NAME)";
				SWIFT_EMIT_LOC_STRINGS = YES;
				SWIFT_VERSION = 5.0;
				TARGETED_DEVICE_FAMILY = "1,2";
			};
			name = Release;
		};
		9358B8ED2DE07AFC005E990A /* Debug */ = {
			isa = XCBuildConfiguration;
			buildSettings = {
				ALWAYS_SEARCH_USER_PATHS = NO;
				ASSETCATALOG_COMPILER_GENERATE_SWIFT_ASSET_SYMBOL_EXTENSIONS = YES;
				CLANG_ANALYZER_NONNULL = YES;
				CLANG_ANALYZER_NUMBER_OBJECT_CONVERSION = YES_AGGRESSIVE;
				CLANG_CXX_LANGUAGE_STANDARD = "gnu++20";
				CLANG_ENABLE_MODULES = YES;
				CLANG_ENABLE_OBJC_ARC = YES;
				CLANG_ENABLE_OBJC_WEAK = YES;
				CLANG_WARN_BLOCK_CAPTURE_AUTORELEASING = YES;
				CLANG_WARN_BOOL_CONVERSION = YES;
				CLANG_WARN_COMMA = YES;
				CLANG_WARN_CONSTANT_CONVERSION = YES;
				CLANG_WARN_DEPRECATED_OBJC_IMPLEMENTATIONS = YES;
				CLANG_WARN_DIRECT_OBJC_ISA_USAGE = YES_ERROR;
				CLANG_WARN_DOCUMENTATION_COMMENTS = YES;
				CLANG_WARN_EMPTY_BODY = YES;
				CLANG_WARN_ENUM_CONVERSION = YES;
				CLANG_WARN_INFINITE_RECURSION = YES;
				CLANG_WARN_INT_CONVERSION = YES;
				CLANG_WARN_NON_LITERAL_NULL_CONVERSION = YES;
				CLANG_WARN_OBJC_IMPLICIT_RETAIN_SELF = YES;
				CLANG_WARN_OBJC_LITERAL_CONVERSION = YES;
				CLANG_WARN_OBJC_ROOT_CLASS = YES_ERROR;
				CLANG_WARN_QUOTED_INCLUDE_IN_FRAMEWORK_HEADER = YES;
				CLANG_WARN_RANGE_LOOP_ANALYSIS = YES;
				CLANG_WARN_STRICT_PROTOTYPES = YES;
				CLANG_WARN_SUSPICIOUS_MOVE = YES;
				CLANG_WARN_UNGUARDED_AVAILABILITY = YES_AGGRESSIVE;
				CLANG_WARN_UNREACHABLE_CODE = YES;
				CLANG_WARN__DUPLICATE_METHOD_MATCH = YES;
				COPY_PHASE_STRIP = NO;
				DEBUG_INFORMATION_FORMAT = dwarf;
				ENABLE_STRICT_OBJC_MSGSEND = YES;
				ENABLE_TESTABILITY = YES;
				ENABLE_USER_SCRIPT_SANDBOXING = YES;
				GCC_C_LANGUAGE_STANDARD = gnu17;
				GCC_DYNAMIC_NO_PIC = NO;
				GCC_NO_COMMON_BLOCKS = YES;
				GCC_OPTIMIZATION_LEVEL = 0;
				GCC_PREPROCESSOR_DEFINITIONS = (
					"DEBUG=1",
					"$(inherited)",
				);
				GCC_WARN_64_TO_32_BIT_CONVERSION = YES;
				GCC_WARN_ABOUT_RETURN_TYPE = YES_ERROR;
				GCC_WARN_UNDECLARED_SELECTOR = YES;
				GCC_WARN_UNINITIALIZED_AUTOS = YES_AGGRESSIVE;
				GCC_WARN_UNUSED_FUNCTION = YES;
				GCC_WARN_UNUSED_VARIABLE = YES;
				IPHONEOS_DEPLOYMENT_TARGET = 18.2;
				LOCALIZATION_PREFERS_STRING_CATALOGS = YES;
				MTL_ENABLE_DEBUG_INFO = INCLUDE_SOURCE;
				MTL_FAST_MATH = YES;
				ONLY_ACTIVE_ARCH = YES;
				SDKROOT = iphoneos;
				SWIFT_ACTIVE_COMPILATION_CONDITIONS = "DEBUG $(inherited)";
				SWIFT_OPTIMIZATION_LEVEL = "-Onone";
			};
			name = Debug;
		};
		9358B8EE2DE07AFC005E990A /* Release */ = {
			isa = XCBuildConfiguration;
			buildSettings = {
				ALWAYS_SEARCH_USER_PATHS = NO;
				ASSETCATALOG_COMPILER_GENERATE_SWIFT_ASSET_SYMBOL_EXTENSIONS = YES;
				CLANG_ANALYZER_NONNULL = YES;
				CLANG_ANALYZER_NUMBER_OBJECT_CONVERSION = YES_AGGRESSIVE;
				CLANG_CXX_LANGUAGE_STANDARD = "gnu++20";
				CLANG_ENABLE_MODULES = YES;
				CLANG_ENABLE_OBJC_ARC = YES;
				CLANG_ENABLE_OBJC_WEAK = YES;
				CLANG_WARN_BLOCK_CAPTURE_AUTORELEASING = YES;
				CLANG_WARN_BOOL_CONVERSION = YES;
				CLANG_WARN_COMMA = YES;
				CLANG_WARN_CONSTANT_CONVERSION = YES;
				CLANG_WARN_DEPRECATED_OBJC_IMPLEMENTATIONS = YES;
				CLANG_WARN_DIRECT_OBJC_ISA_USAGE = YES_ERROR;
				CLANG_WARN_DOCUMENTATION_COMMENTS = YES;
				CLANG_WARN_EMPTY_BODY = YES;
				CLANG_WARN_ENUM_CONVERSION = YES;
				CLANG_WARN_INFINITE_RECURSION = YES;
				CLANG_WARN_INT_CONVERSION = YES;
				CLANG_WARN_NON_LITERAL_NULL_CONVERSION = YES;
				CLANG_WARN_OBJC_IMPLICIT_RETAIN_SELF = YES;
				CLANG_WARN_OBJC_LITERAL_CONVERSION = YES;
				CLANG_WARN_OBJC_ROOT_CLASS = YES_ERROR;
				CLANG_WARN_QUOTED_INCLUDE_IN_FRAMEWORK_HEADER = YES;
				CLANG_WARN_RANGE_LOOP_ANALYSIS = YES;
				CLANG_WARN_STRICT_PROTOTYPES = YES;
				CLANG_WARN_SUSPICIOUS_MOVE = YES;
				CLANG_WARN_UNGUARDED_AVAILABILITY = YES_AGGRESSIVE;
				CLANG_WARN_UNREACHABLE_CODE = YES;
				CLANG_WARN__DUPLICATE_METHOD_MATCH = YES;
				COPY_PHASE_STRIP = NO;
				DEBUG_INFORMATION_FORMAT = "dwarf-with-dsym";
				ENABLE_NS_ASSERTIONS = NO;
				ENABLE_STRICT_OBJC_MSGSEND = YES;
				ENABLE_USER_SCRIPT_SANDBOXING = YES;
				GCC_C_LANGUAGE_STANDARD = gnu17;
				GCC_NO_COMMON_BLOCKS = YES;
				GCC_WARN_64_TO_32_BIT_CONVERSION = YES;
				GCC_WARN_ABOUT_RETURN_TYPE = YES_ERROR;
				GCC_WARN_UNDECLARED_SELECTOR = YES;
				GCC_WARN_UNINITIALIZED_AUTOS = YES_AGGRESSIVE;
				GCC_WARN_UNUSED_FUNCTION = YES;
				GCC_WARN_UNUSED_VARIABLE = YES;
				IPHONEOS_DEPLOYMENT_TARGET = 18.2;
				LOCALIZATION_PREFERS_STRING_CATALOGS = YES;
				MTL_ENABLE_DEBUG_INFO = NO;
				MTL_FAST_MATH = YES;
				SDKROOT = iphoneos;
				SWIFT_COMPILATION_MODE = wholemodule;
				VALIDATE_PRODUCT = YES;
			};
			name = Release;
		};
		9358B8F02DE07AFC005E990A /* Debug */ = {
			isa = XCBuildConfiguration;
			buildSettings = {
				BUNDLE_LOADER = "$(TEST_HOST)";
				CODE_SIGN_STYLE = Automatic;
				CURRENT_PROJECT_VERSION = 1;
				GENERATE_INFOPLIST_FILE = YES;
				IPHONEOS_DEPLOYMENT_TARGET = 18.2;
				MARKETING_VERSION = 1.0;
				PRODUCT_BUNDLE_IDENTIFIER = com.nomadic.myshopTests;
				PRODUCT_NAME = "$(TARGET_NAME)";
				SWIFT_EMIT_LOC_STRINGS = NO;
				SWIFT_VERSION = 5.0;
				TARGETED_DEVICE_FAMILY = "1,2";
				TEST_HOST = "$(BUILT_PRODUCTS_DIR)/myshop.app/$(BUNDLE_EXECUTABLE_FOLDER_PATH)/myshop";
			};
			name = Debug;
		};
		9358B8F12DE07AFC005E990A /* Release */ = {
			isa = XCBuildConfiguration;
			buildSettings = {
				BUNDLE_LOADER = "$(TEST_HOST)";
				CODE_SIGN_STYLE = Automatic;
				CURRENT_PROJECT_VERSION = 1;
				GENERATE_INFOPLIST_FILE = YES;
				IPHONEOS_DEPLOYMENT_TARGET = 18.2;
				MARKETING_VERSION = 1.0;
				PRODUCT_BUNDLE_IDENTIFIER = com.nomadic.myshopTests;
				PRODUCT_NAME = "$(TARGET_NAME)";
				SWIFT_EMIT_LOC_STRINGS = NO;
				SWIFT_VERSION = 5.0;
				TARGETED_DEVICE_FAMILY = "1,2";
				TEST_HOST = "$(BUILT_PRODUCTS_DIR)/myshop.app/$(BUNDLE_EXECUTABLE_FOLDER_PATH)/myshop";
			};
			name = Release;
		};
		9358B8F32DE07AFC005E990A /* Debug */ = {
			isa = XCBuildConfiguration;
			buildSettings = {
				CODE_SIGN_STYLE = Automatic;
				CURRENT_PROJECT_VERSION = 1;
				GENERATE_INFOPLIST_FILE = YES;
				MARKETING_VERSION = 1.0;
				PRODUCT_BUNDLE_IDENTIFIER = com.nomadic.myshopUITests;
				PRODUCT_NAME = "$(TARGET_NAME)";
				SWIFT_EMIT_LOC_STRINGS = NO;
				SWIFT_VERSION = 5.0;
				TARGETED_DEVICE_FAMILY = "1,2";
				TEST_TARGET_NAME = myshop;
			};
			name = Debug;
		};
		9358B8F42DE07AFC005E990A /* Release */ = {
			isa = XCBuildConfiguration;
			buildSettings = {
				CODE_SIGN_STYLE = Automatic;
				CURRENT_PROJECT_VERSION = 1;
				GENERATE_INFOPLIST_FILE = YES;
				MARKETING_VERSION = 1.0;
				PRODUCT_BUNDLE_IDENTIFIER = com.nomadic.myshopUITests;
				PRODUCT_NAME = "$(TARGET_NAME)";
				SWIFT_EMIT_LOC_STRINGS = NO;
				SWIFT_VERSION = 5.0;
				TARGETED_DEVICE_FAMILY = "1,2";
				TEST_TARGET_NAME = myshop;
			};
			name = Release;
		};
/* End XCBuildConfiguration section */

/* Begin XCConfigurationList section */
		9358B8BC2DE07AF7005E990A /* Build configuration list for PBXProject "myshop" */ = {
			isa = XCConfigurationList;
			buildConfigurations = (
				9358B8ED2DE07AFC005E990A /* Debug */,
				9358B8EE2DE07AFC005E990A /* Release */,
			);
			defaultConfigurationIsVisible = 0;
			defaultConfigurationName = Release;
		};
		9358B8EA2DE07AFC005E990A /* Build configuration list for PBXNativeTarget "myshop" */ = {
			isa = XCConfigurationList;
			buildConfigurations = (
				9358B8EB2DE07AFC005E990A /* Debug */,
				9358B8EC2DE07AFC005E990A /* Release */,
			);
			defaultConfigurationIsVisible = 0;
			defaultConfigurationName = Release;
		};
		9358B8EF2DE07AFC005E990A /* Build configuration list for PBXNativeTarget "myshopTests" */ = {
			isa = XCConfigurationList;
			buildConfigurations = (
				9358B8F02DE07AFC005E990A /* Debug */,
				9358B8F12DE07AFC005E990A /* Release */,
			);
			defaultConfigurationIsVisible = 0;
			defaultConfigurationName = Release;
		};
		9358B8F22DE07AFC005E990A /* Build configuration list for PBXNativeTarget "myshopUITests" */ = {
			isa = XCConfigurationList;
			buildConfigurations = (
				9358B8F32DE07AFC005E990A /* Debug */,
				9358B8F42DE07AFC005E990A /* Release */,
			);
			defaultConfigurationIsVisible = 0;
			defaultConfigurationName = Release;
		};
/* End XCConfigurationList section */
	};
	rootObject = 9358B8B92DE07AF7005E990A /* Project object */;
}
